{
  "dependencies": {
    "body-parser": {
      "version": "1.15.0",
      "dependencies": {
        "bytes": {
          "version": "2.2.0"
        },
        "content-type": {
          "version": "1.0.1"
        },
        "debug": {
          "version": "2.2.0",
          "dependencies": {
            "ms": {
              "version": "0.7.1"
            }
          }
        },
        "depd": {
          "version": "1.1.0"
        },
        "http-errors": {
          "version": "1.4.0",
          "dependencies": {
            "inherits": {
              "version": "2.0.1"
            },
            "statuses": {
              "version": "1.2.1"
            }
          }
        },
        "iconv-lite": {
          "version": "0.4.13"
        },
        "on-finished": {
          "version": "2.3.0",
          "dependencies": {
            "ee-first": {
              "version": "1.1.1"
            }
          }
        },
        "qs": {
          "version": "6.1.0"
        },
        "raw-body": {
          "version": "2.1.6",
          "dependencies": {
            "bytes": {
              "version": "2.3.0"
            },
            "unpipe": {
              "version": "1.0.0"
            }
          }
        },
        "type-is": {
          "version": "1.6.12",
          "dependencies": {
            "media-typer": {
              "version": "0.3.0"
            },
            "mime-types": {
              "version": "2.1.10",
              "dependencies": {
                "mime-db": {
                  "version": "1.22.0"
                }
              }
            }
          }
        }
      }
    }
  }
}
